
Microsoft Visual Studio Solution File, Format Version 12.00
# Visual Studio 15
VisualStudioVersion = 15.0.27004.2006
MinimumVisualStudioVersion = 10.0.40219.1
Project("{F184B08F-C81C-45F6-A57F-5ABD9991F28F}") = "CodeRefactoring1", "CodeRefactoring1\CodeRefactoring1.vbproj", "{1872B163-064A-48BE-9140-3616B3F609C6}"
EndProject
Project("{F184B08F-C81C-45F6-A57F-5ABD9991F28F}") = "CodeRefactoring1.Vsix", "CodeRefactoring1.Vsix\CodeRefactoring1.Vsix.vbproj", "{8476D0F4-C545-459B-A527-234561D94998}"
EndProject
Project("{F184B08F-C81C-45F6-A57F-5ABD9991F28F}") = "CodeRefactoring1.Test", "CodeRefactoring1.Test\CodeRefactoring1.Test.vbproj", "{E47A7C2D-FC5D-4B2F-8F4C-A3392C5E555A}"
EndProject
Project("{FAE04EC0-301F-11D3-BF4B-00C04F79EFBC}") = "HashLibrary", "HashLibrary\HashLibrary.csproj", "{DC27CDCE-519A-4CB9-8CFB-B4526C95763A}"
EndProject
Global
	GlobalSection(SolutionConfigurationPlatforms) = preSolution
		Debug|Any CPU = Debug|Any CPU
		Release|Any CPU = Release|Any CPU
	EndGlobalSection
	GlobalSection(ProjectConfigurationPlatforms) = postSolution
		{1872B163-064A-48BE-9140-3616B3F609C6}.Debug|Any CPU.ActiveCfg = Debug|Any CPU
		{1872B163-064A-48BE-9140-3616B3F609C6}.Debug|Any CPU.Build.0 = Debug|Any CPU
		{1872B163-064A-48BE-9140-3616B3F609C6}.Release|Any CPU.ActiveCfg = Release|Any CPU
		{1872B163-064A-48BE-9140-3616B3F609C6}.Release|Any CPU.Build.0 = Release|Any CPU
		{8476D0F4-C545-459B-A527-234561D94998}.Debug|Any CPU.ActiveCfg = Debug|Any CPU
		{8476D0F4-C545-459B-A527-234561D94998}.Debug|Any CPU.Build.0 = Debug|Any CPU
		{8476D0F4-C545-459B-A527-234561D94998}.Release|Any CPU.ActiveCfg = Release|Any CPU
		{8476D0F4-C545-459B-A527-234561D94998}.Release|Any CPU.Build.0 = Release|Any CPU
		{E47A7C2D-FC5D-4B2F-8F4C-A3392C5E555A}.Debug|Any CPU.ActiveCfg = Debug|Any CPU
		{E47A7C2D-FC5D-4B2F-8F4C-A3392C5E555A}.Debug|Any CPU.Build.0 = Debug|Any CPU
		{E47A7C2D-FC5D-4B2F-8F4C-A3392C5E555A}.Release|Any CPU.ActiveCfg = Release|Any CPU
		{E47A7C2D-FC5D-4B2F-8F4C-A3392C5E555A}.Release|Any CPU.Build.0 = Release|Any CPU
		{DC27CDCE-519A-4CB9-8CFB-B4526C95763A}.Debug|Any CPU.ActiveCfg = Debug|Any CPU
		{DC27CDCE-519A-4CB9-8CFB-B4526C95763A}.Debug|Any CPU.Build.0 = Debug|Any CPU
		{DC27CDCE-519A-4CB9-8CFB-B4526C95763A}.Release|Any CPU.ActiveCfg = Release|Any CPU
		{DC27CDCE-519A-4CB9-8CFB-B4526C95763A}.Release|Any CPU.Build.0 = Release|Any CPU
	EndGlobalSection
	GlobalSection(SolutionProperties) = preSolution
		HideSolutionNode = FALSE
	EndGlobalSection
	GlobalSection(ExtensibilityGlobals) = postSolution
		SolutionGuid = {9ADDB408-FBE3-4271-9820-C0FB14AB78AE}
	EndGlobalSection
EndGlobal
